
Microsoft Visual Studio Solution File, Format Version 12.00
Project("{FAE04EC0-301F-11D3-BF4B-00C04F79EFBC}") = "FizzBuzz.Tests", "FizzBuzz.Tests\FizzBuzz.Tests.csproj", "{79B52376-458B-48B4-9361-71B4062D7016}"
EndProject
Project("{FAE04EC0-301F-11D3-BF4B-00C04F79EFBC}") = "FizzBuzz", "FizzBuzz\FizzBuzz.csproj", "{4D269DF3-5770-4550-A428-894322C2AA0C}"
EndProject
Global
	GlobalSection(SolutionConfigurationPlatforms) = preSolution
		Debug|Any CPU = Debug|Any CPU
		Release|Any CPU = Release|Any CPU
	EndGlobalSection
	GlobalSection(ProjectConfigurationPlatforms) = postSolution
		{79B52376-458B-48B4-9361-71B4062D7016}.Debug|Any CPU.ActiveCfg = Debug|Any CPU
		{79B52376-458B-48B4-9361-71B4062D7016}.Debug|Any CPU.Build.0 = Debug|Any CPU
		{79B52376-458B-48B4-9361-71B4062D7016}.Release|Any CPU.ActiveCfg = Release|Any CPU
		{79B52376-458B-48B4-9361-71B4062D7016}.Release|Any CPU.Build.0 = Release|Any CPU
		{4D269DF3-5770-4550-A428-894322C2AA0C}.Debug|Any CPU.ActiveCfg = Debug|Any CPU
		{4D269DF3-5770-4550-A428-894322C2AA0C}.Debug|Any CPU.Build.0 = Debug|Any CPU
		{4D269DF3-5770-4550-A428-894322C2AA0C}.Release|Any CPU.ActiveCfg = Release|Any CPU
		{4D269DF3-5770-4550-A428-894322C2AA0C}.Release|Any CPU.Build.0 = Release|Any CPU
	EndGlobalSection
EndGlobal
