
Microsoft Visual Studio Solution File, Format Version 12.00
Project("{FAE04EC0-301F-11D3-BF4B-00C04F79EFBC}") = "RansomNote.Tests", "RansomNote.Tests\RansomNote.Tests.csproj", "{281A7028-560D-42AE-B695-7D2E07312D0D}"
EndProject
Project("{FAE04EC0-301F-11D3-BF4B-00C04F79EFBC}") = "RansomNote", "RansomNote\RansomNote.csproj", "{DC1A382F-1B62-44EA-A21A-6D4FD69EA310}"
EndProject
Global
	GlobalSection(SolutionConfigurationPlatforms) = preSolution
		Debug|Any CPU = Debug|Any CPU
		Release|Any CPU = Release|Any CPU
	EndGlobalSection
	GlobalSection(ProjectConfigurationPlatforms) = postSolution
		{281A7028-560D-42AE-B695-7D2E07312D0D}.Debug|Any CPU.ActiveCfg = Debug|Any CPU
		{281A7028-560D-42AE-B695-7D2E07312D0D}.Debug|Any CPU.Build.0 = Debug|Any CPU
		{281A7028-560D-42AE-B695-7D2E07312D0D}.Release|Any CPU.ActiveCfg = Release|Any CPU
		{281A7028-560D-42AE-B695-7D2E07312D0D}.Release|Any CPU.Build.0 = Release|Any CPU
		{DC1A382F-1B62-44EA-A21A-6D4FD69EA310}.Debug|Any CPU.ActiveCfg = Debug|Any CPU
		{DC1A382F-1B62-44EA-A21A-6D4FD69EA310}.Debug|Any CPU.Build.0 = Debug|Any CPU
		{DC1A382F-1B62-44EA-A21A-6D4FD69EA310}.Release|Any CPU.ActiveCfg = Release|Any CPU
		{DC1A382F-1B62-44EA-A21A-6D4FD69EA310}.Release|Any CPU.Build.0 = Release|Any CPU
	EndGlobalSection
EndGlobal
