
Microsoft Visual Studio Solution File, Format Version 12.00
# Visual Studio Version 16
VisualStudioVersion = 16.0.30907.101
MinimumVisualStudioVersion = 15.0.26124.0
Project("{FAE04EC0-301F-11D3-BF4B-00C04F79EFBC}") = "UnitTests", "UnitTests\UnitTests.csproj", "{D3C0096D-3E6A-4BA8-962A-F19D2AFE24AF}"
EndProject
Project("{FAE04EC0-301F-11D3-BF4B-00C04F79EFBC}") = "Core", "Core\Core.csproj", "{3FB635D4-9A5D-4421-986E-BC10513796A3}"
EndProject
Project("{FAE04EC0-301F-11D3-BF4B-00C04F79EFBC}") = "Infrastructure", "Infrastructure\Infrastructure.csproj", "{865C14E6-572B-4A8F-82CA-181FB6A88880}"
EndProject
Global
	GlobalSection(SolutionConfigurationPlatforms) = preSolution
		Debug|Any CPU = Debug|Any CPU
		Release|Any CPU = Release|Any CPU
	EndGlobalSection
	GlobalSection(ProjectConfigurationPlatforms) = postSolution
		{D3C0096D-3E6A-4BA8-962A-F19D2AFE24AF}.Debug|Any CPU.ActiveCfg = Debug|Any CPU
		{D3C0096D-3E6A-4BA8-962A-F19D2AFE24AF}.Debug|Any CPU.Build.0 = Debug|Any CPU
		{D3C0096D-3E6A-4BA8-962A-F19D2AFE24AF}.Release|Any CPU.ActiveCfg = Release|Any CPU
		{D3C0096D-3E6A-4BA8-962A-F19D2AFE24AF}.Release|Any CPU.Build.0 = Release|Any CPU
		{3FB635D4-9A5D-4421-986E-BC10513796A3}.Debug|Any CPU.ActiveCfg = Debug|Any CPU
		{3FB635D4-9A5D-4421-986E-BC10513796A3}.Debug|Any CPU.Build.0 = Debug|Any CPU
		{3FB635D4-9A5D-4421-986E-BC10513796A3}.Release|Any CPU.ActiveCfg = Release|Any CPU
		{3FB635D4-9A5D-4421-986E-BC10513796A3}.Release|Any CPU.Build.0 = Release|Any CPU
		{865C14E6-572B-4A8F-82CA-181FB6A88880}.Debug|Any CPU.ActiveCfg = Debug|Any CPU
		{865C14E6-572B-4A8F-82CA-181FB6A88880}.Debug|Any CPU.Build.0 = Debug|Any CPU
		{865C14E6-572B-4A8F-82CA-181FB6A88880}.Release|Any CPU.ActiveCfg = Release|Any CPU
		{865C14E6-572B-4A8F-82CA-181FB6A88880}.Release|Any CPU.Build.0 = Release|Any CPU
	EndGlobalSection
	GlobalSection(SolutionProperties) = preSolution
		HideSolutionNode = FALSE
	EndGlobalSection
	GlobalSection(ExtensibilityGlobals) = postSolution
		SolutionGuid = {A9AF1B4F-BE96-4067-B85C-98429BC980E9}
	EndGlobalSection
EndGlobal
